
Microsoft Visual Studio Solution File, Format Version 12.00
# Visual Studio 15
VisualStudioVersion = 15.0.27703.2042
MinimumVisualStudioVersion = 10.0.40219.1
Project("{FAE04EC0-301F-11D3-BF4B-00C04F79EFBC}") = "GaleriOtomasyonu", "GaleriOtomasyonu\GaleriOtomasyonu.csproj", "{C998B993-DC1E-4306-A8F9-673D849DD9BE}"
EndProject
Global
	GlobalSection(SolutionConfigurationPlatforms) = preSolution
		Debug|Any CPU = Debug|Any CPU
		Release|Any CPU = Release|Any CPU
	EndGlobalSection
	GlobalSection(ProjectConfigurationPlatforms) = postSolution
		{C998B993-DC1E-4306-A8F9-673D849DD9BE}.Debug|Any CPU.ActiveCfg = Debug|Any CPU
		{C998B993-DC1E-4306-A8F9-673D849DD9BE}.Debug|Any CPU.Build.0 = Debug|Any CPU
		{C998B993-DC1E-4306-A8F9-673D849DD9BE}.Release|Any CPU.ActiveCfg = Release|Any CPU
		{C998B993-DC1E-4306-A8F9-673D849DD9BE}.Release|Any CPU.Build.0 = Release|Any CPU
	EndGlobalSection
	GlobalSection(SolutionProperties) = preSolution
		HideSolutionNode = FALSE
	EndGlobalSection
	GlobalSection(ExtensibilityGlobals) = postSolution
		SolutionGuid = {60E1DB02-1162-4473-AA3A-B6B6F1019948}
	EndGlobalSection
EndGlobal
